{
    "_meta": {
        "hash": {
            "sha256": "acf54c6f9dc158d8ec9725fa5274b04a9de04ada18cc2ea0348e86f3f2069267"
        },
        "pipfile-spec": 6,
        "requires": {
            "python_version": "3.6"
        },
        "sources": [
            {
                "name": "pypi",
                "url": "https://pypi.org/simple",
                "verify_ssl": true
            }
        ]
    },
    "default": {
        "configspace": {
            "hashes": [
                "sha256:cbc449544d75b3e0fa8bf10f3281e4cba0fd59646e3caa6094cec7805eeb7bc0"
            ],
            "markers": "python_version != '3.1.*' and python_version >= '2.6' and python_version != '3.0.*' and python_version != '3.2.*'",
            "version": "==0.4.7"
        },
        "cycler": {
            "hashes": [
                "sha256:1d8a5ae1ff6c5cf9b93e8811e581232ad8920aeec647c37316ceac982b08cb2d",
                "sha256:cd7b2d1018258d7247a71425e9f26463dfb444d411c39569972f4ce586b0c9d8"
            ],
            "version": "==0.10.0"
        },
        "cython": {
            "hashes": [
                "sha256:022592d419fc754509d0e0461eb2958dbaa45fb60d51c8a61778c58994edbe36",
                "sha256:07659f4c57582104d9486c071de512fbd7e087a3a630535298442cc0e20a3f5a",
                "sha256:13c73e2ffa93a615851e03fad97591954d143b5b62361b9adef81f46a31cd8ef",
                "sha256:13eab5a2835a84ff62db343035603044c908d2b3b6eec09d67fdf9970acf7ac9",
                "sha256:183b35a48f58862c4ec1e821f07bb7b1156c8c8559c85c32ae086f28947474eb",
                "sha256:2f526b0887128bf20ab2acc905a975f62b5a04ab2f63ecbe5a30fc28285d0e0c",
                "sha256:32de8637f5e6c5a76667bc7c8fc644bd9314dc19af36db8ce30a0b92ada0f642",
                "sha256:4172c183ef4fb2ace6a29cdf7fc9200c5a471a7f775ff691975b774bd9ed3ad2",
                "sha256:553956ec06ecbd731ef0c538eb28a5b46bedea7ab89b18237ff28b4b99d65eee",
                "sha256:660eeb6870687fd3eda91e00ba4e72220545c254c8c4d967fd0c910f4fbb8cbc",
                "sha256:693a8619ef066ece055ed065a15cf440f9d3ebd1bca60e87ea19144833756433",
                "sha256:759c799e9ef418f163b5412e295e14c0a48fe3b4dcba9ab8aab69e9f511cfefd",
                "sha256:827d3a91b7a7c31ce69e5974496fd9a8ba28eb498b988affb66d0d30de11d934",
                "sha256:87e57b5d730cfab225d95e7b23abbc0c6f77598bd66639e93c73ce8afbae6f38",
                "sha256:9400e5db8383346b0694a3e794d8bded18a27b21123516dcdf4b79d7ec28e98b",
                "sha256:9ec27681c5b1b457aacb1cbda5db04aa28b76da2af6e1e1fd15f233eafe6a0b0",
                "sha256:ae4784f040a3313c8bd00c8d04934b7ade63dc59692d8f00a5235be8ed72a445",
                "sha256:b2ba8310ebd3c0e0b884d5e95bbd99d467d6af922acd1e44fe4b819839b2150e",
                "sha256:b64575241f64f6ec005a4d4137339fb0ba5e156e826db2fdb5f458060d9979e0",
                "sha256:c78ad0df75a9fc03ab28ca1b950c893a208c451a18f76796c3e25817d6994001",
                "sha256:cdbb917e41220bd3812234dbe59d15391adbc2c5d91ae11a5273aab9e32ba7ec",
                "sha256:d2223a80c623e2a8e97953ab945dfaa9385750a494438dcb55562eb1ddd9565a",
                "sha256:e22f21cf92a9f8f007a280e3b3462c886d9068132a6c698dec10ad6125e3ca1e",
                "sha256:ea5c16c48e561f4a6f6b8c24807494b77a79e156b8133521c400f22ca712101b",
                "sha256:ee7a9614d51fe16e32ca5befe72e0808baff481791728449d0b17c8b0fe29eb9",
                "sha256:ef86de9299e4ab2ebb129fb84b886bf40b9aced9807c6d6d5f28b46fb905f82c",
                "sha256:f3e4860f5458a9875caa3de65e255720c0ed2ce71f0bcdab02497b32104f9db8",
                "sha256:fc6c20a8ac22202a779ad4c59756647be0826993d2151a03c015e76d2368ae5f"
            ],
            "markers": "python_version != '3.1.*' and python_version >= '2.6' and python_version != '3.0.*' and python_version != '3.2.*'",
            "version": "==0.28.5"
        },
        "decorator": {
            "hashes": [
                "sha256:2c51dff8ef3c447388fe5e4453d24a2bf128d3a4c32af3fabef1f01c6851ab82",
                "sha256:c39efa13fbdeb4506c476c9b3babf6a718da943dab7811c206005a4a956c080c"
            ],
            "version": "==4.3.0"
        },
        "future": {
            "hashes": [
                "sha256:e39ced1ab767b5936646cedba8bcce582398233d6a627067d4c6a454c90cfedb"
            ],
            "version": "==0.16.0"
        },
        "hpbandster": {
            "hashes": [
                "sha256:b6a46c73cb6a62e2f2d20984087a3458cea056aef5aa0fc0cd606bdd116eed94"
            ],
            "index": "pypi",
            "version": "==0.7.0"
        },
        "hyperopt": {
            "hashes": [
                "sha256:032cd3003acef914d239d7b1902612b0c3681ad5b2fdaa0c69b21787f9eb9259",
                "sha256:7c1628bced9dbde4b1794468621ab872c0edbc1a41a5ceb6f8153d26cf89fb34"
            ],
            "index": "pypi",
            "version": "==0.1.1"
        },
        "jinja2": {
            "hashes": [
                "sha256:74c935a1b8bb9a3947c50a54766a969d4846290e1e788ea44c1392163723c3bd",
                "sha256:f84be1bb0040caca4cea721fcbbbbd61f9be9464ca236387158b0feea01914a4"
            ],
            "version": "==2.10"
        },
        "kiwisolver": {
            "hashes": [
                "sha256:0ee4ed8b3ae8f5f712b0aa9ebd2858b5b232f1b9a96b0943dceb34df2a223bc3",
                "sha256:0f7f532f3c94e99545a29f4c3f05637f4d2713e7fd91b4dd8abfc18340b86cd5",
                "sha256:1a078f5dd7e99317098f0e0d490257fd0349d79363e8c923d5bb76428f318421",
                "sha256:1aa0b55a0eb1bd3fa82e704f44fb8f16e26702af1a073cc5030eea399e617b56",
                "sha256:2874060b91e131ceeff00574b7c2140749c9355817a4ed498e82a4ffa308ecbc",
                "sha256:379d97783ba8d2934d52221c833407f20ca287b36d949b4bba6c75274bcf6363",
                "sha256:3b791ddf2aefc56382aadc26ea5b352e86a2921e4e85c31c1f770f527eb06ce4",
                "sha256:4329008a167fac233e398e8a600d1b91539dc33c5a3eadee84c0d4b04d4494fa",
                "sha256:45813e0873bbb679334a161b28cb9606d9665e70561fd6caa8863e279b5e464b",
                "sha256:53a5b27e6b5717bdc0125338a822605084054c80f382051fb945d2c0e6899a20",
                "sha256:574f24b9805cb1c72d02b9f7749aa0cc0b81aa82571be5201aa1453190390ae5",
                "sha256:66f82819ff47fa67a11540da96966fb9245504b7f496034f534b81cacf333861",
                "sha256:79e5fe3ccd5144ae80777e12973027bd2f4f5e3ae8eb286cabe787bed9780138",
                "sha256:83410258eb886f3456714eea4d4304db3a1fc8624623fc3f38a487ab36c0f653",
                "sha256:8b6a7b596ce1d2a6d93c3562f1178ebd3b7bb445b3b0dd33b09f9255e312a965",
                "sha256:9576cb63897fbfa69df60f994082c3f4b8e6adb49cccb60efb2a80a208e6f996",
                "sha256:95a25d9f3449046ecbe9065be8f8380c03c56081bc5d41fe0fb964aaa30b2195",
                "sha256:a424f048bebc4476620e77f3e4d1f282920cef9bc376ba16d0b8fe97eec87cde",
                "sha256:aaec1cfd94f4f3e9a25e144d5b0ed1eb8a9596ec36d7318a504d813412563a85",
                "sha256:acb673eecbae089ea3be3dcf75bfe45fc8d4dcdc951e27d8691887963cf421c7",
                "sha256:b15bc8d2c2848a4a7c04f76c9b3dc3561e95d4dabc6b4f24bfabe5fd81a0b14f",
                "sha256:b1c240d565e977d80c0083404c01e4d59c5772c977fae2c483f100567f50847b",
                "sha256:c595693de998461bcd49b8d20568c8870b3209b8ea323b2a7b0ea86d85864694",
                "sha256:ce3be5d520b4d2c3e5eeb4cd2ef62b9b9ab8ac6b6fedbaa0e39cdb6f50644278",
                "sha256:e0f910f84b35c36a3513b96d816e6442ae138862257ae18a0019d2fc67b041dc",
                "sha256:ea36e19ac0a483eea239320aef0bd40702404ff8c7e42179a2d9d36c5afcb55c",
                "sha256:efabbcd4f406b532206b8801058c8bab9e79645b9880329253ae3322b7b02cd5",
                "sha256:f923406e6b32c86309261b8195e24e18b6a8801df0cfc7814ac44017bfcb3939"
            ],
            "markers": "python_version != '3.3.*' and python_version >= '2.7' and python_version != '3.1.*' and python_version != '3.0.*' and python_version != '3.2.*'",
            "version": "==1.0.1"
        },
        "lightgbm": {
            "hashes": [
                "sha256:b5dcd8af664c0d8d64753da9389abd9c72f7f995046626f26c200d47336fb4cd",
                "sha256:c12474146c2598dd8b649227942f3880924291342e33f1258af1a4cd7f950768",
                "sha256:cba7e6b23c07e849ec03dee288c263b4ceee456840f1fabdc756c299efd06ac8",
                "sha256:d8940572333cbeb7a53ad10fccb34c97728e637a26997cc580975599012b3597"
            ],
            "index": "pypi",
            "version": "==2.2.1"
        },
        "markupsafe": {
            "hashes": [
                "sha256:a6be69091dac236ea9c6bc7d012beab42010fa914c459791d627dad4910eb665"
            ],
            "version": "==1.0"
        },
        "matplotlib": {
            "hashes": [
                "sha256:0f738b57051e8a0f8bc8282031d0a82e9dedbd10a94fd54d4c3830d708607a8b",
                "sha256:0f87d188528ff3c86286603bc13170a5932e631c0c69d9995aae86448a7d9692",
                "sha256:290864f3c69d1e71d6648c9c75093db28486f1bf058b0ab2fda9d2d6814ddf19",
                "sha256:70aba3a1c7dbef5a997db8afe06e256c6b67e1dc15bb16d8b55d140ea5375a8d",
                "sha256:7318d11a4784c3e37f5de0c9141d18eac08565d303da7d3d557662369f2f866b",
                "sha256:77c6edc4e25b36430df8a445195030abc8d5766d068b9aeed1a58a684cc0eb3b",
                "sha256:91669d38938ae7b66db084e444ee5dceed09b59a6622fda10dfb021d5ce6d0dc",
                "sha256:a547edc4d0ce68f3eb397ed8701314f254a0de593045ee0eecad4f1efc664951",
                "sha256:b4e2333c98a7c2c1ff6eb930cd2b57d4b818de5437c5048802096b32f66e65f9",
                "sha256:c99b3908e76de5d1582e6941dc34de086eb38d18539520f4ae4ffa29b8f2644f",
                "sha256:e3acc990b3672132a670b23cc055b967d0aa04183dbc5be82a38a0426ee6d1a6",
                "sha256:eaa8f8248c20eacfade26faf749e248adc1bec1edc2d08b05916297cc76a72bd",
                "sha256:ede6d9676c43844e4994b041ffca08dd157ce171190a8ccb40fed9b377db5653"
            ],
            "markers": "python_version != '3.3.*' and python_version >= '2.7' and python_version != '3.1.*' and python_version != '3.0.*' and python_version != '3.2.*'",
            "version": "==3.0.0"
        },
        "netifaces": {
            "hashes": [
                "sha256:0083ff8d89c559d0da0811c4930cf36e4945da0f03749e0f108678098d7d1607",
                "sha256:179f2463469fe69c829c96c7b332c7fd3f01652311e36ae11e409e5b34eb9dad",
                "sha256:19df6feff2af7a9179e42afdd01d79616d85b7ff4401b55ffce2df29d512a017",
                "sha256:1a4082a52f521ceeaf3d0ff25c61a06d46444f3578f487935652ecc93becf538",
                "sha256:1edeea7d739b1d716d15214039386e999f2e374aaeac0703092132b4e55ba461",
                "sha256:2acb23ca092cc53b2b1f374132bbef5dd843767f6b10d31024f958474a1dfe96",
                "sha256:38969c101f1e61c2a53af6a7b635f63e81085ae87413f1f5551a4d7057f5f773",
                "sha256:4817871b226082600b64578549b9932bb07c1a42e9311ddd7c9dad08ff1fb22f",
                "sha256:4bb6b02b7c485a595a9d75346df3a77fcaa12d2352437c49c2d73ed968572d72",
                "sha256:674498dad41dacd86ec82e9e1793f9d8716755085c3776f051a266b1634a0b60",
                "sha256:7ea8eb1e824f74c161396f0d6d76fa3943462ee9a4629c387c10399d2aee058c",
                "sha256:8a69dc2743dcbb9b87fa3453820852f0feabc17b03d3841619e8e63f5d3902d5",
                "sha256:9cf8cb2de7524c34808e6111dfb9f89e3b7c568e6953b3e02b8397447a6d8303",
                "sha256:a77263e046636a761a2c3eeb0a56b5f8fa64f865efec91a9be008a46412b4ddd",
                "sha256:aea569ce1a5a75b010758097199f84d9a3a109a696473c635bcf82f8a43cc551",
                "sha256:bd590fcb75421537d4149825e1e63cca225fd47dad861710c46bd1cb329d8cbd",
                "sha256:e1037cfad0e99a23fb4829f40302f3696395358950ba9f0315363a0e1eb04af6",
                "sha256:e6d52aee254f9cf6192b54c156c67d54dcf451bec6781580844af892e4bf36bb",
                "sha256:e76d38d9cff51ecf9fd5b8d0adf63f7b8875e1ac8548ccb52264939e308b771e"
            ],
            "version": "==0.10.7"
        },
        "networkx": {
            "hashes": [
                "sha256:45e56f7ab6fe81652fb4bc9f44faddb0e9025f469f602df14e3b2551c2ea5c8b"
            ],
            "version": "==2.2"
        },
        "numpy": {
            "hashes": [
                "sha256:1b1cf8f7300cf7b11ddb4250b3898c711a6187df05341b5b7153db23ffe5d498",
                "sha256:27a0d018f608a3fe34ac5e2b876f4c23c47e38295c47dd0775cc294cd2614bc1",
                "sha256:3fde172e28c899580d32dc21cb6d4a1225d62362f61050b654545c662eac215a",
                "sha256:497d7c86df4f85eb03b7f58a7dd0f8b948b1f582e77629341f624ba301b4d204",
                "sha256:4e28e66cf80c09a628ae680efeb0aa9a066eb4bb7db2a5669024c5b034891576",
                "sha256:58be95faf0ca2d886b5b337e7cba2923e3ad1224b806a91223ea39f1e0c77d03",
                "sha256:5b4dfb6551eaeaf532054e2c6ef4b19c449c2e3a709ebdde6392acb1372ecabc",
                "sha256:63f833a7c622e9082df3cbaf03b4fd92d7e0c11e2f9d87cb57dbf0e84441964b",
                "sha256:71bf3b7ca15b1967bba3a1ef6a8e87286382a8b5e46ac76b42a02fe787c5237d",
                "sha256:733dc5d47e71236263837825b69c975bc08728ae638452b34aeb1d6fa347b780",
                "sha256:82f00a1e2695a0e5b89879aa25ea614530b8ebdca6d49d4834843d498e8a5e92",
                "sha256:866bf72b9c3bfabe4476d866c70ee1714ad3e2f7b7048bb934892335e7b6b1f7",
                "sha256:8aeac8b08f4b8c52129518efcd93706bb6d506ccd17830b67d18d0227cf32d9e",
                "sha256:8d2cfb0aef7ec8759736cce26946efa084cdf49797712333539ef7d135e0295e",
                "sha256:981224224bbf44d95278eb37996162e8beb6f144d2719b144e86dfe2fce6c510",
                "sha256:981daff58fa3985a26daa4faa2b726c4e7a1d45178100125c0e1fdaf2ac64978",
                "sha256:9ad36dbfdbb0cba90a08e7343fadf86f43cf6d87450e8d2b5d71d7c7202907e4",
                "sha256:a251570bb3cb04f1627f23c234ad09af0e54fc8194e026cf46178f2e5748d647",
                "sha256:b5ff7dae352fd9e1edddad1348698e9fea14064460a7e39121ef9526745802e6",
                "sha256:c898f9cca806102fcacb6309899743aa39efb2ad2a302f4c319f54db9f05cd84",
                "sha256:cf4b970042ce148ad8dce4369c02a4078b382dadf20067ce2629c239d76460d1",
                "sha256:d1569013e8cc8f37e9769d19effdd85e404c976cd0ca28a94e3ddc026c216ae8",
                "sha256:dca261e85fe0d34b2c242ecb31c9ab693509af2cf955d9caf01ee3ef3669abd0",
                "sha256:ec8bf53ef7c92c99340972519adbe122e82c81d5b87cbd955c74ba8a8cd2a4ad",
                "sha256:f2e55726a9ee2e8129d6ce6abb466304868051bcc7a09d652b3b07cd86e801a2",
                "sha256:f4dee74f2626c783a3804df9191e9008946a104d5a284e52427a53ff576423cb",
                "sha256:f592fd7fe1f20b5041928cce1330937eca62f9058cb41e69c2c2d83cffc0d1e3",
                "sha256:ffab5b80bba8c86251291b8ce2e6c99a61446459d4c6637f5d5cc8c9ce37c972"
            ],
            "index": "pypi",
            "version": "==1.15.2"
        },
        "pandas": {
            "hashes": [
                "sha256:11975fad9edbdb55f1a560d96f91830e83e29bed6ad5ebf506abda09818eaf60",
                "sha256:12e13d127ca1b585dd6f6840d3fe3fa6e46c36a6afe2dbc5cb0b57032c902e31",
                "sha256:1c87fcb201e1e06f66e23a61a5fea9eeebfe7204a66d99df24600e3f05168051",
                "sha256:242e9900de758e137304ad4b5663c2eff0d798c2c3b891250bd0bd97144579da",
                "sha256:26c903d0ae1542890cb9abadb4adcb18f356b14c2df46e4ff657ae640e3ac9e7",
                "sha256:2e1e88f9d3e5f107b65b59cd29f141995597b035d17cc5537e58142038942e1a",
                "sha256:31b7a48b344c14691a8e92765d4023f88902ba3e96e2e4d0364d3453cdfd50db",
                "sha256:4fd07a932b4352f8a8973761ab4e84f965bf81cc750fb38e04f01088ab901cb8",
                "sha256:5b24ca47acf69222e82530e89111dd9d14f9b970ab2cd3a1c2c78f0c4fbba4f4",
                "sha256:647b3b916cc8f6aeba240c8171be3ab799c3c1b2ea179a3be0bd2712c4237553",
                "sha256:66b060946046ca27c0e03e9bec9bba3e0b918bafff84c425ca2cc2e157ce121e",
                "sha256:6efa9fa6e1434141df8872d0fa4226fc301b17aacf37429193f9d70b426ea28f",
                "sha256:be4715c9d8367e51dbe6bc6d05e205b1ae234f0dc5465931014aa1c4af44c1ba",
                "sha256:bea90da782d8e945fccfc958585210d23de374fa9294a9481ed2abcef637ebfc",
                "sha256:d318d77ab96f66a59e792a481e2701fba879e1a453aefeebdb17444fe204d1ed",
                "sha256:d785fc08d6f4207437e900ffead930a61e634c5e4f980ba6d3dc03c9581748c7",
                "sha256:de9559287c4fe8da56e8c3878d2374abc19d1ba2b807bfa7553e912a8e5ba87c",
                "sha256:f4f98b190bb918ac0bc0e3dd2ab74ff3573da9f43106f6dba6385406912ec00f",
                "sha256:f71f1a7e2d03758f6e957896ed696254e2bc83110ddbc6942018f1a232dd9dad",
                "sha256:fb944c8f0b0ab5c1f7846c686bc4cdf8cde7224655c12edcd59d5212cd57bec0"
            ],
            "index": "pypi",
            "version": "==0.23.4"
        },
        "pandas-profiling": {
            "hashes": [
                "sha256:5014d8f160e44b6f56321d45fcf9670f8ad647587b545ab43d203c600217f307",
                "sha256:a1b16842b944dd9104b4b0df3a453d44d9722bf186d4da67c0c6521854d8aaf5"
            ],
            "index": "pypi",
            "version": "==1.4.1"
        },
        "patsy": {
            "hashes": [
                "sha256:14269536ecedaae0a5a2f300faac7d0afa1cc47aa98c561f54ba7300d0ec4011",
                "sha256:e05f38d5c38c8d216f0cc2b765b1069b433c92d628b954fb2fee68d13e42883b"
            ],
            "markers": "python_version != '3.1.*' and python_version != '3.2.*' and python_version != '3.0.*' and python_version >= '2.7' and python_version != '3.3.*'",
            "version": "==0.5.0"
        },
        "pymongo": {
            "hashes": [
                "sha256:025f94fc1e1364f00e50badc88c47f98af20012f23317234e51a11333ef986e6",
                "sha256:02aa7fb282606331aefbc0586e2cf540e9dbe5e343493295e7f390936ad2738e",
                "sha256:057210e831573e932702cf332012ed39da78edf0f02d24a3f0b213264a87a397",
                "sha256:0d946b79c56187fe139276d4c8ed612a27a616966c8b9779d6b79e2053587c8b",
                "sha256:104790893b928d310aae8a955e0bdbaa442fb0ac0a33d1bbb0741c791a407778",
                "sha256:15527ef218d95a8717486106553b0d54ff2641e795b65668754e17ab9ca6e381",
                "sha256:1826527a0b032f6e20e7ac7f72d7c26dd476a5e5aa82c04aa1c7088a59fded7d",
                "sha256:22e3aa4ce1c3eebc7f70f9ca7fd4ce1ea33e8bdb7b61996806cd312f08f84a3a",
                "sha256:244e1101e9a48615b9a16cbd194f73c115fdfefc96894803158608115f703b26",
                "sha256:24b8c04fdb633a84829d03909752c385faef249c06114cc8d8e1700b95aae5c8",
                "sha256:2c276696350785d3104412cbe3ac70ab1e3a10c408e7b20599ee41403a3ed630",
                "sha256:2d8474dc833b1182b651b184ace997a7bd83de0f51244de988d3c30e49f07de3",
                "sha256:3119b57fe1d964781e91a53e81532c85ed1701baaddec592e22f6b77a9fdf3df",
                "sha256:3bee8e7e0709b0fcdaa498a3e513bde9ffc7cd09dbceb11e425bd91c89dbd5b6",
                "sha256:436c071e01a464753d30dbfc8768dd93aecf2a8e378e5314d130b95e77b4d612",
                "sha256:46635e3f19ad04d5a7d7cf23d232388ddbfccf46d9a3b7436b6abadda4e84813",
                "sha256:4772e0b679717e7ac4608d996f57b6f380748a919b457cb05bb941467b888b22",
                "sha256:4e2cd80e16f481a62c3175b607373200e714ed29025f21559ebf7524f295689f",
                "sha256:52732960efa0e003ca1c092dc0a3c65276e897681287a788a01ca78dda3b41f0",
                "sha256:55a7de51ec7d1731b2431886d0349146645f2816e5b8eb982d7c49f89472c9f3",
                "sha256:5f8ed5934197a2d4b2087646e98de3e099a237099dcf498b9e38dd3465f74ef4",
                "sha256:64b064124fcbc8eb04a155117dc4d9a336e3cda3f069958fbc44fe70c3c3d1e9",
                "sha256:65958b8e4319f992e85dad59d8081888b97fcdbde5f0d14bc28f2848b92d3ef1",
                "sha256:7683428862e20c6a790c19e64f8ccf487f613fbc83d47e3d532df9c81668d451",
                "sha256:78566d5570c75a127c2491e343dc006798a384f06be588fe9b0cbe5595711559",
                "sha256:7d1cb00c093dbf1d0b16ccf123e79dee3b82608e4a2a88947695f0460eef13ff",
                "sha256:8c74e2a9b594f7962c62cef7680a4cb92a96b4e6e3c2f970790da67cc0213a7e",
                "sha256:8e60aa7699170f55f4b0f56ee6f8415229777ac7e4b4b1aa41fc61eec08c1f1d",
                "sha256:9447b561529576d89d3bf973e5241a88cf76e45bd101963f5236888713dea774",
                "sha256:970055bfeb0be373f2f5299a3db8432444bad3bc2f198753ee6c2a3a781e0959",
                "sha256:a6344b8542e584e140dc3c651d68bde51270e79490aa9320f9e708f9b2c39bd5",
                "sha256:ce309ca470d747b02ba6069d286a17b7df8e9c94d10d727d9cf3a64e51d85184",
                "sha256:cfbd86ed4c2b2ac71bbdbcea6669bf295def7152e3722ddd9dda94ac7981f33d",
                "sha256:d7929c513732dff093481f4a0954ed5ff16816365842136b17caa0b4992e49d3"
            ],
            "version": "==3.7.2"
        },
        "pyparsing": {
            "hashes": [
                "sha256:bc6c7146b91af3f567cf6daeaec360bc07d45ffec4cf5353f4d7a208ce7ca30a",
                "sha256:d29593d8ebe7b57d6967b62494f8c72b03ac0262b1eed63826c6f788b3606401"
            ],
            "markers": "python_version != '3.1.*' and python_version >= '2.6' and python_version != '3.0.*' and python_version != '3.2.*'",
            "version": "==2.2.2"
        },
        "pyro4": {
            "hashes": [
                "sha256:4a71a613015d1a2bca6939d9ce4d5866ccd1fd30365ebbbf67482b6341867cf8",
                "sha256:536b07a097d0619e7ab1effa3747fda177a24168d17a07a93ca9ac30977608f7"
            ],
            "version": "==4.73"
        },
        "python-dateutil": {
            "hashes": [
                "sha256:1adb80e7a782c12e52ef9a8182bebeb73f1d7e24e374397af06fb4956c8dc5c0",
                "sha256:e27001de32f627c22380a688bcc43ce83504a7bc5da472209b4c70f02829f0b8"
            ],
            "version": "==2.7.3"
        },
        "pytz": {
            "hashes": [
                "sha256:a061aa0a9e06881eb8b3b2b43f05b9439d6583c206d0a6c340ff72a7b6669053",
                "sha256:ffb9ef1de172603304d9d2819af6f5ece76f2e85ec10692a524dd876e72bf277"
            ],
            "version": "==2018.5"
        },
        "scikit-learn": {
            "hashes": [
                "sha256:1ca280bbdeb0f9950f9427c71e29d9f14e63b2ffa3e8fdf95f25e13773e6d898",
                "sha256:33ad23aa0928c64567a24aac771aea4e179fab2a20f9f786ab00ca9fe0a13c82",
                "sha256:344bc433ccbfbadcac8c16b4cec9d7c4722bcea9ce19f6da42e2c2f805571941",
                "sha256:35ee532b5e992a6e8d8a71d325fd9e0b58716894657e7d3da3e7a1d888c2e7d4",
                "sha256:37cbbba2d2a3895bba834d50488d22268a511279e053135bb291f637fe30512b",
                "sha256:40cf1908ee712545f4286cc21f3ee21f3466c81438320204725ab37c96849f27",
                "sha256:4130760ac54f5946523c1a1fb32a6c0925e5245f77285270a8f6fb5901b7b733",
                "sha256:46cc8c32496f02affde7abe507af99cd752de0e41aec951a0bc40c693c2a1e07",
                "sha256:4a364cf22be381a17c05ada9f9ce102733a0f75893c51b83718cd9358444921e",
                "sha256:56aff3fa3417cd69807c1c74db69aee34ce08d7161cbdfebbff9b4023d9d224b",
                "sha256:58debb34a15cfc03f4876e450068dbd711d9ec36ae5503ed2868f2c1f88522f7",
                "sha256:7bcf7ade62ef3443470af32afb82646640d653f42502cf31a13cc17d3ff85d57",
                "sha256:7d4eab203ed260075f47e2bf6a2bd656367e4e8683b3ad46d4651070c5d1e9aa",
                "sha256:86697c6e4c2d74fbbf110c6d5979d34196a55108fa9896bf424f9795a8d935ad",
                "sha256:911115db6669c9b11efd502dcc5483cd0c53e4e3c4bcdfe2e73bbb27eb5e81da",
                "sha256:97d1d971f8ec257011e64b7d655df68081dd3097322690afa1a71a1d755f8c18",
                "sha256:99f22c3228ec9ab3933597825dc7d595b6c8c7b9ae725cfa557f16353fac8314",
                "sha256:a2e18e5a4095b3ca4852eb087d28335f3bb8515df4ccf906d380ee627613837f",
                "sha256:a3070f71a4479a9827148609f24f2978f10acffa3b8012fe9606720d271066bd",
                "sha256:a6a197499429d2eaa2ae922760aa3966ef353545422d5f47ea2ca9369cbf7d26",
                "sha256:a7f6f5b3bc7b8e2066076098788579af12bd507ccea8ca6859e52761aa61eaca",
                "sha256:a82b90b6037fcc6b311431395c11b02555a3fbf96921a0667c8f8b0c495991cb",
                "sha256:ab2c4266b8cd159a266eb03c709ad5400756dca9c45aa48fb523263344475093",
                "sha256:b983a2dfdb9d707c78790608bcfd63692e5c2d996865a9689f3db768d0a2978d",
                "sha256:bb33d447f4c6fb164d426467d7bf8a4901c303333c5809b85319b2e0626763cd",
                "sha256:bc2a0116a67081167f1fbfed731d361671e5925db291b70e65fa66170045c53f",
                "sha256:bd189f6d0c2fdccb7c0d3fd1227c6626dc17d00257edbb63dd7c88f31928db61",
                "sha256:d393f810da9cd4746cad7350fb89f0509c3ae702c79d2ba8bd875201be4102d1"
            ],
            "index": "pypi",
            "version": "==0.20.0"
        },
        "scipy": {
            "hashes": [
                "sha256:0611ee97296265af4a21164a5323f8c1b4e8e15c582d3dfa7610825900136bb7",
                "sha256:08237eda23fd8e4e54838258b124f1cd141379a5f281b0a234ca99b38918c07a",
                "sha256:0e645dbfc03f279e1946cf07c9c754c2a1859cb4a41c5f70b25f6b3a586b6dbd",
                "sha256:0e9bb7efe5f051ea7212555b290e784b82f21ffd0f655405ac4f87e288b730b3",
                "sha256:108c16640849e5827e7d51023efb3bd79244098c3f21e4897a1007720cb7ce37",
                "sha256:340ef70f5b0f4e2b4b43c8c8061165911bc6b2ad16f8de85d9774545e2c47463",
                "sha256:3ad73dfc6f82e494195144bd3a129c7241e761179b7cb5c07b9a0ede99c686f3",
                "sha256:3b243c77a822cd034dad53058d7c2abf80062aa6f4a32e9799c95d6391558631",
                "sha256:404a00314e85eca9d46b80929571b938e97a143b4f2ddc2b2b3c91a4c4ead9c5",
                "sha256:423b3ff76957d29d1cce1bc0d62ebaf9a3fdfaf62344e3fdec14619bb7b5ad3a",
                "sha256:42d9149a2fff7affdd352d157fa5717033767857c11bd55aa4a519a44343dfef",
                "sha256:625f25a6b7d795e8830cb70439453c9f163e6870e710ec99eba5722775b318f3",
                "sha256:698c6409da58686f2df3d6f815491fd5b4c2de6817a45379517c92366eea208f",
                "sha256:729f8f8363d32cebcb946de278324ab43d28096f36593be6281ca1ee86ce6559",
                "sha256:8190770146a4c8ed5d330d5b5ad1c76251c63349d25c96b3094875b930c44692",
                "sha256:878352408424dffaa695ffedf2f9f92844e116686923ed9aa8626fc30d32cfd1",
                "sha256:8b984f0821577d889f3c7ca8445564175fb4ac7c7f9659b7c60bef95b2b70e76",
                "sha256:8f841bbc21d3dad2111a94c490fb0a591b8612ffea86b8e5571746ae76a3deac",
                "sha256:c22b27371b3866c92796e5d7907e914f0e58a36d3222c5d436ddd3f0e354227a",
                "sha256:d0cdd5658b49a722783b8b4f61a6f1f9c75042d0e29a30ccb6cacc9b25f6d9e2",
                "sha256:d40dc7f494b06dcee0d303e51a00451b2da6119acbeaccf8369f2d29e28917ac",
                "sha256:d8491d4784aceb1f100ddb8e31239c54e4afab8d607928a9f7ef2469ec35ae01",
                "sha256:dfc5080c38dde3f43d8fbb9c0539a7839683475226cf83e4b24363b227dfe552",
                "sha256:e24e22c8d98d3c704bb3410bce9b69e122a8de487ad3dbfe9985d154e5c03a40",
                "sha256:e7a01e53163818d56eabddcafdc2090e9daba178aad05516b20c6591c4811020",
                "sha256:ee677635393414930541a096fc8e61634304bb0153e4e02b75685b11eba14cae",
                "sha256:f0521af1b722265d824d6ad055acfe9bd3341765735c44b5a4d0069e189a0f40",
                "sha256:f25c281f12c0da726c6ed00535ca5d1622ec755c30a3f8eafef26cf43fede694"
            ],
            "markers": "python_version != '3.2.*' and python_version != '3.1.*' and python_version != '3.0.*' and python_version >= '2.7' and python_version != '3.3.*'",
            "version": "==1.1.0"
        },
        "serpent": {
            "hashes": [
                "sha256:6f8dc4317fb5b5a9629b5e518846bc9fee374b8171533726dc68df52b36ee912",
                "sha256:eb489aeb85333f6ee5ab2f4bc666a5731d870a562b26b6e63c6b9384befd3186"
            ],
            "version": "==1.27"
        },
        "six": {
            "hashes": [
                "sha256:70e8a77beed4562e7f14fe23a786b54f6296e34344c23bc42f07b15018ff98e9",
                "sha256:832dc0e10feb1aa2c68dcc57dbb658f1c7e65b9b61af69048abc87a2db00a0eb"
            ],
            "version": "==1.11.0"
        },
        "statsmodels": {
            "hashes": [
                "sha256:0fd6af8db18b776c81c8fba54de20e9ec2f11b9310871b6b666d8805e3cf5ece",
                "sha256:18844bbd95fcf62885d195571334762533ae16de182e1032ccc1595a98ffffb4",
                "sha256:27e87cc6cd390fce8f44df225dadf589e1df6272f36b267ccdece2a9c4f52938",
                "sha256:2902f5eef49fc38c112ffd8168dd76f7ae27f6cb5aa735cf55bc887b49aaec6e",
                "sha256:31c2e26436a992e66355c0b3ef4b7c9714a0aa8375952d24f0593ac7c417b1e9",
                "sha256:5d91ad30b8e20a45f583077ffeb4352be01955033f3dcd09bc06c30be1d29e8f",
                "sha256:5de3d525b9a8679cd6c0f7f7c8cb8508275ab86cc3c1a140b2dc6b6390adb943",
                "sha256:6461f93a842c649922c2c9a9bc9d9c4834110b89de8c4af196a791ab8f42ba3b",
                "sha256:78d1b40c18d41f6c683c1c184be146264a782d409a89d8ed6c78acd1e1c11659",
                "sha256:7c1a7cf557139f4bcbf97172268a8001156e42a7eeccca04d15c0cb7c3491ada",
                "sha256:8532885c5778f94dae7ad83c4ac3f6916d4c8eb294f47ecefe2f0d3b967e6a16",
                "sha256:95d35b33a301ded560662c733780ce58b37e218d122bb1b9c14e216aa9d42a2a",
                "sha256:b48e283ba171698dca3989c0c03e6f25d3f431640383d926235d26ce48f3891c",
                "sha256:b4b4b25c0e4228b1d33098894c3b29f4546e45afb29b333582cbaa5e16f38f3c",
                "sha256:c06fd4af98f4c7ab61c9a79fd051ad4d7247991a691c3b4883c611029bac30a2",
                "sha256:d2003c70c854f35a6446a465c61c994486039feb2fd47345a1e9984e95d55878",
                "sha256:d7182803cdb09f1f17a335c0eae71d84905da9b0bc35c3d2c2379745f33096d9",
                "sha256:d9b85bd98e90a02f2192084a85c857465e40e508629ac922242dba70731d0449",
                "sha256:e2d9fd696e2d1523386d0f64f115352acbfaf59d5ca4c681c23ea064393a2ac4",
                "sha256:ede078fdc9af857ed454d1e9e51831b2d577255c794d4044ecc332d40f3e3b36",
                "sha256:f512afa7bc10b848aaacab5dfff6f61255142dd3a5581f82980c12745b0b6cd3",
                "sha256:fbf789cc6d3fadca4350fa87e5f710ad2628e1fdff71bf8f853ecd49599ebe23"
            ],
            "version": "==0.9.0"
        },
        "typing": {
            "hashes": [
                "sha256:4027c5f6127a6267a435201981ba156de91ad0d1d98e9ddc2aa173453453492d",
                "sha256:57dcf675a99b74d64dacf6fba08fb17cf7e3d5fdff53d4a30ea2a5e7e52543d4",
                "sha256:a4c8473ce11a65999c8f59cb093e70686b6c84c98df58c1dae9b3b196089858a"
            ],
            "version": "==3.6.6"
        },
        "xgboost": {
            "hashes": [
                "sha256:3441f877442e260bce132acb0cc166886c038521d9ce4dea15ebca7518a22446",
                "sha256:4583235618e8824d527c94e9c0aca8825287bd82f07eea6f2d173c1ead13032d",
                "sha256:ec990238943988e73734ad483cf6c53b81aec9745811c7b6c5cbb189ef5e328b"
            ],
            "index": "pypi",
            "version": "==0.80"
        }
    },
    "develop": {
        "flake8": {
            "hashes": [
                "sha256:7253265f7abd8b313e3892944044a365e3f4ac3fcdcfb4298f55ee9ddf188ba0",
                "sha256:c7841163e2b576d435799169b78703ad6ac1bbb0f199994fc05f700b2a90ea37"
            ],
            "index": "pypi",
            "version": "==3.5.0"
        },
        "mccabe": {
            "hashes": [
                "sha256:ab8a6258860da4b6677da4bd2fe5dc2c659cff31b3ee4f7f5d64e79735b80d42",
                "sha256:dd8d182285a0fe56bace7f45b5e7d1a6ebcbf524e8f3bd87eb0f125271b8831f"
            ],
            "version": "==0.6.1"
        },
        "pycodestyle": {
            "hashes": [
                "sha256:682256a5b318149ca0d2a9185d365d8864a768a28db66a84a2ea946bcc426766",
                "sha256:6c4245ade1edfad79c3446fadfc96b0de2759662dc29d07d80a6f27ad1ca6ba9"
            ],
            "version": "==2.3.1"
        },
        "pyflakes": {
            "hashes": [
                "sha256:08bd6a50edf8cffa9fa09a463063c425ecaaf10d1eb0335a7e8b1401aef89e6f",
                "sha256:8d616a382f243dbf19b54743f280b80198be0bca3a5396f1d2e1fca6223e8805"
            ],
            "version": "==1.6.0"
        }
    }
}
